
Microsoft Visual Studio Solution File, Format Version 12.00
# Visual Studio 15
VisualStudioVersion = 15.0.28010.2019
MinimumVisualStudioVersion = 10.0.40219.1
Project("{FAE04EC0-301F-11D3-BF4B-00C04F79EFBC}") = "Tp_GUI", "Tp_GUI\Tp_GUI.csproj", "{23AFEF9F-E40D-4549-A364-CAAE6C41D938}"
EndProject
Global
	GlobalSection(SolutionConfigurationPlatforms) = preSolution
		Debug|Any CPU = Debug|Any CPU
		Release|Any CPU = Release|Any CPU
	EndGlobalSection
	GlobalSection(ProjectConfigurationPlatforms) = postSolution
		{23AFEF9F-E40D-4549-A364-CAAE6C41D938}.Debug|Any CPU.ActiveCfg = Debug|Any CPU
		{23AFEF9F-E40D-4549-A364-CAAE6C41D938}.Debug|Any CPU.Build.0 = Debug|Any CPU
		{23AFEF9F-E40D-4549-A364-CAAE6C41D938}.Release|Any CPU.ActiveCfg = Release|Any CPU
		{23AFEF9F-E40D-4549-A364-CAAE6C41D938}.Release|Any CPU.Build.0 = Release|Any CPU
	EndGlobalSection
	GlobalSection(SolutionProperties) = preSolution
		HideSolutionNode = FALSE
	EndGlobalSection
	GlobalSection(ExtensibilityGlobals) = postSolution
		SolutionGuid = {14D130E9-AD14-4A3F-A834-644DCD104E06}
	EndGlobalSection
EndGlobal
